
Microsoft Visual Studio Solution File, Format Version 12.00
# Visual Studio Version 16
VisualStudioVersion = 16.0.28803.452
MinimumVisualStudioVersion = 10.0.40219.1
Project("{FAE04EC0-301F-11D3-BF4B-00C04F79EFBC}") = "Week", "Week\Week.csproj", "{FC837A50-7ED7-488A-8D3C-B5DDBDDA82EC}"
EndProject
Project("{FAE04EC0-301F-11D3-BF4B-00C04F79EFBC}") = "Table", "Table\Table.csproj", "{9C295419-65F1-4B1C-8609-7EE4DE747C6D}"
EndProject
Global
	GlobalSection(SolutionConfigurationPlatforms) = preSolution
		Debug|Any CPU = Debug|Any CPU
		Release|Any CPU = Release|Any CPU
	EndGlobalSection
	GlobalSection(ProjectConfigurationPlatforms) = postSolution
		{FC837A50-7ED7-488A-8D3C-B5DDBDDA82EC}.Debug|Any CPU.ActiveCfg = Debug|Any CPU
		{FC837A50-7ED7-488A-8D3C-B5DDBDDA82EC}.Debug|Any CPU.Build.0 = Debug|Any CPU
		{FC837A50-7ED7-488A-8D3C-B5DDBDDA82EC}.Release|Any CPU.ActiveCfg = Release|Any CPU
		{FC837A50-7ED7-488A-8D3C-B5DDBDDA82EC}.Release|Any CPU.Build.0 = Release|Any CPU
		{9C295419-65F1-4B1C-8609-7EE4DE747C6D}.Debug|Any CPU.ActiveCfg = Debug|Any CPU
		{9C295419-65F1-4B1C-8609-7EE4DE747C6D}.Debug|Any CPU.Build.0 = Debug|Any CPU
		{9C295419-65F1-4B1C-8609-7EE4DE747C6D}.Release|Any CPU.ActiveCfg = Release|Any CPU
		{9C295419-65F1-4B1C-8609-7EE4DE747C6D}.Release|Any CPU.Build.0 = Release|Any CPU
	EndGlobalSection
	GlobalSection(SolutionProperties) = preSolution
		HideSolutionNode = FALSE
	EndGlobalSection
	GlobalSection(ExtensibilityGlobals) = postSolution
		SolutionGuid = {79DCBC50-6181-4628-9E54-6EA7FA7918D4}
	EndGlobalSection
EndGlobal
