
Microsoft Visual Studio Solution File, Format Version 12.00
# Visual Studio Version 16
VisualStudioVersion = 16.0.28922.388
MinimumVisualStudioVersion = 10.0.40219.1
Project("{FAE04EC0-301F-11D3-BF4B-00C04F79EFBC}") = "WorkWithFiles", "WorkWithFiles\WorkWithFiles.csproj", "{04D18761-6706-4BDA-AD02-2B67629B8811}"
EndProject
Global
	GlobalSection(SolutionConfigurationPlatforms) = preSolution
		Debug|Any CPU = Debug|Any CPU
		Release|Any CPU = Release|Any CPU
	EndGlobalSection
	GlobalSection(ProjectConfigurationPlatforms) = postSolution
		{04D18761-6706-4BDA-AD02-2B67629B8811}.Debug|Any CPU.ActiveCfg = Debug|Any CPU
		{04D18761-6706-4BDA-AD02-2B67629B8811}.Debug|Any CPU.Build.0 = Debug|Any CPU
		{04D18761-6706-4BDA-AD02-2B67629B8811}.Release|Any CPU.ActiveCfg = Release|Any CPU
		{04D18761-6706-4BDA-AD02-2B67629B8811}.Release|Any CPU.Build.0 = Release|Any CPU
	EndGlobalSection
	GlobalSection(SolutionProperties) = preSolution
		HideSolutionNode = FALSE
	EndGlobalSection
	GlobalSection(ExtensibilityGlobals) = postSolution
		SolutionGuid = {4F5C6D64-6699-4D47-ADBD-C4E340A67E9F}
	EndGlobalSection
EndGlobal
